
Microsoft Visual Studio Solution File, Format Version 12.00
# Visual Studio 15
VisualStudioVersion = 15.0.28307.1972
MinimumVisualStudioVersion = 10.0.40219.1
Project("{FAE04EC0-301F-11D3-BF4B-00C04F79EFBC}") = "DoAnSem3", "DoAnSem3\DoAnSem3.csproj", "{04A02594-5F4A-4C20-96AE-859534AE802B}"
EndProject
Global
	GlobalSection(SolutionConfigurationPlatforms) = preSolution
		Debug|Any CPU = Debug|Any CPU
		Release|Any CPU = Release|Any CPU
	EndGlobalSection
	GlobalSection(ProjectConfigurationPlatforms) = postSolution
		{04A02594-5F4A-4C20-96AE-859534AE802B}.Debug|Any CPU.ActiveCfg = Debug|Any CPU
		{04A02594-5F4A-4C20-96AE-859534AE802B}.Debug|Any CPU.Build.0 = Debug|Any CPU
		{04A02594-5F4A-4C20-96AE-859534AE802B}.Release|Any CPU.ActiveCfg = Release|Any CPU
		{04A02594-5F4A-4C20-96AE-859534AE802B}.Release|Any CPU.Build.0 = Release|Any CPU
	EndGlobalSection
	GlobalSection(SolutionProperties) = preSolution
		HideSolutionNode = FALSE
	EndGlobalSection
	GlobalSection(ExtensibilityGlobals) = postSolution
		SolutionGuid = {00AEBF35-624D-4338-9A1F-EB89062133CA}
	EndGlobalSection
EndGlobal
